<?xml version="1.0" encoding="utf-8"?>
<Project ToolsVersion="4.0" xmlns="http://schemas.microsoft.com/developer/msbuild/2003">
  <ItemGroup>
    <Filter Include="Source Files">
      <UniqueIdentifier>{4FC737F1-C7A5-4376-A066-2A32D752A2FF}</UniqueIdentifier>
      <Extensions>cpp;c;cc;cxx;def;odl;idl;hpj;bat;asm;asmx</Extensions>
    </Filter>
    <Filter Include="Header Files">
      <UniqueIdentifier>{93995380-89BD-4b04-88EB-625FBE52EBFB}</UniqueIdentifier>
      <Extensions>h;hh;hpp;hxx;hm;inl;inc;ipp;xsd</Extensions>
    </Filter>
    <Filter Include="Resource Files">
      <UniqueIdentifier>{67DA6AB6-F800-4c08-8B7A-83BB121AAD01}</UniqueIdentifier>
      <Extensions>rc;ico;cur;bmp;dlg;rc2;rct;bin;rgs;gif;jpg;jpeg;jpe;resx;tiff;tif;png;wav;mfcribbon-ms</Extensions>
    </Filter>
  </ItemGroup>
  <ItemGroup>
    <Image Include="src\glass.jpg">
      <Filter>Resource Files</Filter>
    </Image>
    <Image Include="src\Asset_management\glass.jpg">
      <Filter>Resource Files</Filter>
    </Image>
    <Image Include="src\Asset_management\white.png">
      <Filter>Resource Files</Filter>
    </Image>
    <Image Include="src\Asset_management\white2.png">
      <Filter>Resource Files</Filter>
    </Image>
    <Image Include="Assets\Image\B_2_bomber.png">
      <Filter>Resource Files</Filter>
    </Image>
    <Image Include="Assets\Image\birday_icon.png">
      <Filter>Resource Files</Filter>
    </Image>
    <Image Include="Assets\Image\Burn.png">
      <Filter>Resource Files</Filter>
    </Image>
    <Image Include="Assets\Image\Enemy_Destroyed.png">
      <Filter>Resource Files</Filter>
    </Image>
    <Image Include="Assets\Image\Explosion_From_Bombs.png">
      <Filter>Resource Files</Filter>
    </Image>
    <Image Include="Assets\Image\Explosion_From_Weapon.png">
      <Filter>Resource Files</Filter>
    </Image>
    <Image Include="Assets\Image\Freeze.png">
      <Filter>Resource Files</Filter>
    </Image>
    <Image Include="Assets\Image\needle_wind.png">
      <Filter>Resource Files</Filter>
    </Image>
    <Image Include="Assets\Image\Enemy\Ball.png">
      <Filter>Resource Files</Filter>
    </Image>
    <Image Include="Assets\Image\Enemy\Ball_2.png">
      <Filter>Resource Files</Filter>
    </Image>
    <Image Include="Assets\Image\Enemy\Cannon_Slug.png">
      <Filter>Resource Files</Filter>
    </Image>
    <Image Include="Assets\Image\Enemy\Cannon_Slug_2.png">
      <Filter>Resource Files</Filter>
    </Image>
    <Image Include="Assets\Image\Enemy\diamondo.png">
      <Filter>Resource Files</Filter>
    </Image>
    <Image Include="Assets\Image\Enemy\diamondo_2.png">
      <Filter>Resource Files</Filter>
    </Image>
    <Image Include="Assets\Image\Enemy\Fisher.png">
      <Filter>Resource Files</Filter>
    </Image>
    <Image Include="Assets\Image\Enemy\Fisher_2.png">
      <Filter>Resource Files</Filter>
    </Image>
    <Image Include="Assets\Image\Enemy\Magic_Mask.png">
      <Filter>Resource Files</Filter>
    </Image>
    <Image Include="Assets\Image\Enemy\Magic_Mask_2.png">
      <Filter>Resource Files</Filter>
    </Image>
    <Image Include="Assets\Image\Enemy\Tripus.png">
      <Filter>Resource Files</Filter>
    </Image>
    <Image Include="Assets\Image\Enemy\Tripus_2.png">
      <Filter>Resource Files</Filter>
    </Image>
    <Image Include="Assets\Image\Enemy\Weapon\Ball_Shot.png">
      <Filter>Resource Files</Filter>
    </Image>
    <Image Include="Assets\Image\Enemy\Weapon\Bubble_shot.png">
      <Filter>Resource Files</Filter>
    </Image>
    <Image Include="Assets\Image\Enemy\Weapon\Diamond.png">
      <Filter>Resource Files</Filter>
    </Image>
    <Image Include="Assets\Image\Enemy\Weapon\Fire.png">
      <Filter>Resource Files</Filter>
    </Image>
    <Image Include="Assets\Image\Enemy\Weapon\Grapple.png">
      <Filter>Resource Files</Filter>
    </Image>
    <Image Include="Assets\Image\Enemy\Weapon\Gunk.png">
      <Filter>Resource Files</Filter>
    </Image>
    <Image Include="Assets\Image\Enemy\Weapon\Lightning.png">
      <Filter>Resource Files</Filter>
    </Image>
    <Image Include="Assets\Image\Enemy\Weapon\Missle.png">
      <Filter>Resource Files</Filter>
    </Image>
    <Image Include="Assets\Image\Enemy\Weapon\Star_shot.png">
      <Filter>Resource Files</Filter>
    </Image>
    <Image Include="Assets\Image\Enemy\Weapon\Venom_Spit.png">
      <Filter>Resource Files</Filter>
    </Image>
    <Image Include="Assets\Image\Background\Ammo_Materials.png">
      <Filter>Resource Files</Filter>
    </Image>
    <Image Include="Assets\Image\Background\Birday_Title.png">
      <Filter>Resource Files</Filter>
    </Image>
    <Image Include="Assets\Image\Background\Character_Materials.png">
      <Filter>Resource Files</Filter>
    </Image>
    <Image Include="Assets\Image\Background\Enemy_Weapon_Materials.png">
      <Filter>Resource Files</Filter>
    </Image>
    <Image Include="Assets\Image\Background\Game_Over.png">
      <Filter>Resource Files</Filter>
    </Image>
    <Image Include="Assets\Image\Background\Menu.png">
      <Filter>Resource Files</Filter>
    </Image>
    <Image Include="Assets\Image\Background\Next_Prev.png">
      <Filter>Resource Files</Filter>
    </Image>
    <Image Include="Assets\Image\Background\Player_Weapon_Materials.png">
      <Filter>Resource Files</Filter>
    </Image>
    <Image Include="Assets\Image\Background\Power_Up_Materials.png">
      <Filter>Resource Files</Filter>
    </Image>
    <Image Include="Assets\Image\Background\Terpos_Intro.png">
      <Filter>Resource Files</Filter>
    </Image>
    <Image Include="Assets\Image\Player\Birday - Copy.png">
      <Filter>Resource Files</Filter>
    </Image>
    <Image Include="Assets\Image\Player\Birday.png">
      <Filter>Resource Files</Filter>
    </Image>
    <Image Include="Assets\Image\Player\Weapon\Arrow.png">
      <Filter>Resource Files</Filter>
    </Image>
    <Image Include="Assets\Image\Player\Weapon\Atomic_Bombs.png">
      <Filter>Resource Files</Filter>
    </Image>
    <Image Include="Assets\Image\Player\Weapon\Bi_Nuke.png">
      <Filter>Resource Files</Filter>
    </Image>
    <Image Include="Assets\Image\Player\Weapon\Bombs.png">
      <Filter>Resource Files</Filter>
    </Image>
    <Image Include="Assets\Image\Player\Weapon\Fire_Bombs.png">
      <Filter>Resource Files</Filter>
    </Image>
    <Image Include="Assets\Image\Player\Weapon\Ice_Bombs.png">
      <Filter>Resource Files</Filter>
    </Image>
    <Image Include="Assets\Image\Player\Weapon\Lazer.png">
      <Filter>Resource Files</Filter>
    </Image>
    <Image Include="Assets\Image\Player\Weapon\Rocket_Lazer.png">
      <Filter>Resource Files</Filter>
    </Image>
    <Image Include="Assets\Image\Player\Weapon\Slicer.png">
      <Filter>Resource Files</Filter>
    </Image>
    <Image Include="Assets\Image\Player\Weapon\Stunner.png">
      <Filter>Resource Files</Filter>
    </Image>
    <Image Include="Assets\Image\Player\Weapon\Tri_Nuke.png">
      <Filter>Resource Files</Filter>
    </Image>
    <Image Include="Assets\Image\Player\Weapon\Triangular_Missle.png">
      <Filter>Resource Files</Filter>
    </Image>
    <Image Include="Assets\Image\Power_Ups\B_2_Bomber_Strike_Chip.png">
      <Filter>Resource Files</Filter>
    </Image>
    <Image Include="Assets\Image\Power_Ups\Copy_chip.png">
      <Filter>Resource Files</Filter>
    </Image>
    <Image Include="Assets\Image\Power_Ups\Gliding_chip.png">
      <Filter>Resource Files</Filter>
    </Image>
    <Image Include="Assets\Image\Power_Ups\Health_chip.png">
      <Filter>Resource Files</Filter>
    </Image>
    <Image Include="Assets\Image\Power_Ups\Needle_wind_blast_chip.png">
      <Filter>Resource Files</Filter>
    </Image>
    <Image Include="Assets\Image\Power_Ups\Stop_Chip.png">
      <Filter>Resource Files</Filter>
    </Image>
    <Image Include="Assets\Image\Power_Ups\Ammo\Arrow_Ammo.png">
      <Filter>Resource Files</Filter>
    </Image>
    <Image Include="Assets\Image\Power_Ups\Ammo\Atomic_Bomb_Ammo.png">
      <Filter>Resource Files</Filter>
    </Image>
    <Image Include="Assets\Image\Power_Ups\Ammo\Bi_Nuke_Ammo.png">
      <Filter>Resource Files</Filter>
    </Image>
    <Image Include="Assets\Image\Power_Ups\Ammo\Bomb_Ammo.png">
      <Filter>Resource Files</Filter>
    </Image>
    <Image Include="Assets\Image\Power_Ups\Ammo\Fire_Bomb_Ammo.png">
      <Filter>Resource Files</Filter>
    </Image>
    <Image Include="Assets\Image\Power_Ups\Ammo\Ice_Bomb_Ammo.png">
      <Filter>Resource Files</Filter>
    </Image>
    <Image Include="Assets\Image\Power_Ups\Ammo\Rocket_Lazer_Ammo.png">
      <Filter>Resource Files</Filter>
    </Image>
    <Image Include="Assets\Image\Power_Ups\Ammo\Slicer_Ammo.png">
      <Filter>Resource Files</Filter>
    </Image>
    <Image Include="Assets\Image\Power_Ups\Ammo\Stunner_Ammo.png">
      <Filter>Resource Files</Filter>
    </Image>
    <Image Include="Assets\Image\Power_Ups\Ammo\Tri_nuke_Ammo.png">
      <Filter>Resource Files</Filter>
    </Image>
    <Image Include="Assets\Image\Power_Ups\Ammo\Triangular_Missile_Ammo.png">
      <Filter>Resource Files</Filter>
    </Image>
    <Image Include="Assets\Image\Tiles\Blue_Circle_Tile.png">
      <Filter>Resource Files</Filter>
    </Image>
    <Image Include="Assets\Image\Tiles\Blue_Tile.png">
      <Filter>Resource Files</Filter>
    </Image>
    <Image Include="Assets\Image\Tiles\Brick_Wall_Tile.png">
      <Filter>Resource Files</Filter>
    </Image>
    <Image Include="Assets\Image\Tiles\Dark_Gray_Circle_Tile.png">
      <Filter>Resource Files</Filter>
    </Image>
    <Image Include="Assets\Image\Tiles\Dark_Gray_Tile.png">
      <Filter>Resource Files</Filter>
    </Image>
    <Image Include="Assets\Image\Tiles\Fence_Tile.png">
      <Filter>Resource Files</Filter>
    </Image>
    <Image Include="Assets\Image\Tiles\Flower_Tile.png">
      <Filter>Resource Files</Filter>
    </Image>
    <Image Include="Assets\Image\Tiles\Grass_Tile.png">
      <Filter>Resource Files</Filter>
    </Image>
    <Image Include="Assets\Image\Tiles\Gray_Tile.png">
      <Filter>Resource Files</Filter>
    </Image>
    <Image Include="Assets\Image\Tiles\Palm_tree_Tile.png">
      <Filter>Resource Files</Filter>
    </Image>
    <Image Include="Assets\Image\Tiles\Pillar_Tile.png">
      <Filter>Resource Files</Filter>
    </Image>
    <Image Include="Assets\Image\Tiles\Purple_Circle_Tile.png">
      <Filter>Resource Files</Filter>
    </Image>
    <Image Include="Assets\Image\Tiles\Purple_Tile.png">
      <Filter>Resource Files</Filter>
    </Image>
    <Image Include="Assets\Image\Tiles\Rock_Tile.png">
      <Filter>Resource Files</Filter>
    </Image>
    <Image Include="Assets\Image\Tiles\Sand_Tile.png">
      <Filter>Resource Files</Filter>
    </Image>
    <Image Include="Assets\Image\birday_icon.ico">
      <Filter>Resource Files</Filter>
    </Image>
  </ItemGroup>
  <ItemGroup>
    <ClInclude Include="src\global.h">
      <Filter>Header Files</Filter>
    </ClInclude>
    <ClInclude Include="src\key_strings_allegro.h">
      <Filter>Header Files</Filter>
    </ClInclude>
    <ClInclude Include="src\Screen_state\Game.h">
      <Filter>Header Files</Filter>
    </ClInclude>
    <ClInclude Include="src\Screen_state\Game_Materials.h">
      <Filter>Header Files</Filter>
    </ClInclude>
    <ClInclude Include="src\Screen_state\Game_Over.h">
      <Filter>Header Files</Filter>
    </ClInclude>
    <ClInclude Include="src\Screen_state\Menu.h">
      <Filter>Header Files</Filter>
    </ClInclude>
    <ClInclude Include="src\Screen_state\Options.h">
      <Filter>Header Files</Filter>
    </ClInclude>
    <ClInclude Include="src\Screen_state\Pause.h">
      <Filter>Header Files</Filter>
    </ClInclude>
    <ClInclude Include="src\Screen_state\Quit.h">
      <Filter>Header Files</Filter>
    </ClInclude>
    <ClInclude Include="src\Screen_state\Weapons_Unlocked_List.h">
      <Filter>Header Files</Filter>
    </ClInclude>
    <ClInclude Include="src\Entities\Collision.h">
      <Filter>Header Files</Filter>
    </ClInclude>
    <ClInclude Include="src\Entities\Power_Up\Ammo.h">
      <Filter>Header Files</Filter>
    </ClInclude>
    <ClInclude Include="src\Entities\Power_Up\B_2_Bomber.h">
      <Filter>Header Files</Filter>
    </ClInclude>
    <ClInclude Include="src\Entities\Power_Up\B_2_Bomber_Strike_Chip.h">
      <Filter>Header Files</Filter>
    </ClInclude>
    <ClInclude Include="src\Entities\Power_Up\Copy_Chip.h">
      <Filter>Header Files</Filter>
    </ClInclude>
    <ClInclude Include="src\Entities\Power_Up\Gliding_Chip.h">
      <Filter>Header Files</Filter>
    </ClInclude>
    <ClInclude Include="src\Entities\Power_Up\Health_Chip.h">
      <Filter>Header Files</Filter>
    </ClInclude>
    <ClInclude Include="src\Entities\Power_Up\Needle_Blast_Wind_Chip.h">
      <Filter>Header Files</Filter>
    </ClInclude>
    <ClInclude Include="src\Entities\Power_Up\needle_wind.h">
      <Filter>Header Files</Filter>
    </ClInclude>
    <ClInclude Include="src\Entities\Power_Up\Power_Up.h">
      <Filter>Header Files</Filter>
    </ClInclude>
    <ClInclude Include="src\Entities\Power_Up\Stop_Time_Chip.h">
      <Filter>Header Files</Filter>
    </ClInclude>
    <ClInclude Include="src\Entities\Player\Player.h">
      <Filter>Header Files</Filter>
    </ClInclude>
    <ClInclude Include="src\Entities\Player\Weapon\Arrow.h">
      <Filter>Header Files</Filter>
    </ClInclude>
    <ClInclude Include="src\Entities\Player\Weapon\Atom_Bomb.h">
      <Filter>Header Files</Filter>
    </ClInclude>
    <ClInclude Include="src\Entities\Player\Weapon\BiNuke.h">
      <Filter>Header Files</Filter>
    </ClInclude>
    <ClInclude Include="src\Entities\Player\Weapon\Bomb.h">
      <Filter>Header Files</Filter>
    </ClInclude>
    <ClInclude Include="src\Entities\Player\Weapon\Fire_bomb.h">
      <Filter>Header Files</Filter>
    </ClInclude>
    <ClInclude Include="src\Entities\Player\Weapon\Ice_Bomb.h">
      <Filter>Header Files</Filter>
    </ClInclude>
    <ClInclude Include="src\Entities\Player\Weapon\Lazer.h">
      <Filter>Header Files</Filter>
    </ClInclude>
    <ClInclude Include="src\Entities\Player\Weapon\P_Weapon.h">
      <Filter>Header Files</Filter>
    </ClInclude>
    <ClInclude Include="src\Entities\Player\Weapon\Rocket_lazer.h">
      <Filter>Header Files</Filter>
    </ClInclude>
    <ClInclude Include="src\Entities\Player\Weapon\Slicer.h">
      <Filter>Header Files</Filter>
    </ClInclude>
    <ClInclude Include="src\Entities\Player\Weapon\Stunner.h">
      <Filter>Header Files</Filter>
    </ClInclude>
    <ClInclude Include="src\Entities\Player\Weapon\Triangular_Missle.h">
      <Filter>Header Files</Filter>
    </ClInclude>
    <ClInclude Include="src\Entities\Player\Weapon\TriNuke.h">
      <Filter>Header Files</Filter>
    </ClInclude>
    <ClInclude Include="src\Entities\Enemy\Ball.h">
      <Filter>Header Files</Filter>
    </ClInclude>
    <ClInclude Include="src\Entities\Enemy\Cannon_Slug.h">
      <Filter>Header Files</Filter>
    </ClInclude>
    <ClInclude Include="src\Entities\Enemy\Diamondo.h">
      <Filter>Header Files</Filter>
    </ClInclude>
    <ClInclude Include="src\Entities\Enemy\Enemy.h">
      <Filter>Header Files</Filter>
    </ClInclude>
    <ClInclude Include="src\Entities\Enemy\Fisher.h">
      <Filter>Header Files</Filter>
    </ClInclude>
    <ClInclude Include="src\Entities\Enemy\Magic_Mask.h">
      <Filter>Header Files</Filter>
    </ClInclude>
    <ClInclude Include="src\Entities\Enemy\Tripus.h">
      <Filter>Header Files</Filter>
    </ClInclude>
    <ClInclude Include="src\Entities\Enemy\Weapon\Ball_shot.h">
      <Filter>Header Files</Filter>
    </ClInclude>
    <ClInclude Include="src\Entities\Enemy\Weapon\Bubble_Blast.h">
      <Filter>Header Files</Filter>
    </ClInclude>
    <ClInclude Include="src\Entities\Enemy\Weapon\Diamond_Ice.h">
      <Filter>Header Files</Filter>
    </ClInclude>
    <ClInclude Include="src\Entities\Enemy\Weapon\E_Weapon.h">
      <Filter>Header Files</Filter>
    </ClInclude>
    <ClInclude Include="src\Entities\Enemy\Weapon\Fire.h">
      <Filter>Header Files</Filter>
    </ClInclude>
    <ClInclude Include="src\Entities\Enemy\Weapon\Grapple.h">
      <Filter>Header Files</Filter>
    </ClInclude>
    <ClInclude Include="src\Entities\Enemy\Weapon\Gunk.h">
      <Filter>Header Files</Filter>
    </ClInclude>
    <ClInclude Include="src\Entities\Enemy\Weapon\Missile.h">
      <Filter>Header Files</Filter>
    </ClInclude>
    <ClInclude Include="src\Entities\Enemy\Weapon\Star_Bomb.h">
      <Filter>Header Files</Filter>
    </ClInclude>
    <ClInclude Include="src\Entities\Enemy\Weapon\Thunder.h">
      <Filter>Header Files</Filter>
    </ClInclude>
    <ClInclude Include="src\Entities\Enemy\Weapon\Venom_Spit.h">
      <Filter>Header Files</Filter>
    </ClInclude>
    <ClInclude Include="src\Asset_management\Animation.h">
      <Filter>Header Files</Filter>
    </ClInclude>
    <ClInclude Include="src\Asset_management\Font.h">
      <Filter>Header Files</Filter>
    </ClInclude>
    <ClInclude Include="src\Asset_management\Image.h">
      <Filter>Header Files</Filter>
    </ClInclude>
    <ClInclude Include="src\Asset_management\Sound.h">
      <Filter>Header Files</Filter>
    </ClInclude>
    <ClInclude Include="src\Asset_management\Tile_map.h">
      <Filter>Header Files</Filter>
    </ClInclude>
    <ClInclude Include="resource.h">
      <Filter>Header Files</Filter>
    </ClInclude>
  </ItemGroup>
  <ItemGroup>
    <ClCompile Include="src\Source.cpp">
      <Filter>Source Files</Filter>
    </ClCompile>
    <ClCompile Include="src\Screen_state\Game.cpp">
      <Filter>Source Files</Filter>
    </ClCompile>
    <ClCompile Include="src\Screen_state\Game_Materials.cpp">
      <Filter>Source Files</Filter>
    </ClCompile>
    <ClCompile Include="src\Screen_state\Game_Over.cpp">
      <Filter>Source Files</Filter>
    </ClCompile>
    <ClCompile Include="src\Screen_state\Menu.cpp">
      <Filter>Source Files</Filter>
    </ClCompile>
    <ClCompile Include="src\Screen_state\Options.cpp">
      <Filter>Source Files</Filter>
    </ClCompile>
    <ClCompile Include="src\Screen_state\Pause.cpp">
      <Filter>Source Files</Filter>
    </ClCompile>
    <ClCompile Include="src\Screen_state\Quit.cpp">
      <Filter>Source Files</Filter>
    </ClCompile>
    <ClCompile Include="src\Screen_state\Weapons_Unlocked_List.cpp">
      <Filter>Source Files</Filter>
    </ClCompile>
    <ClCompile Include="src\Entities\Collision.cpp">
      <Filter>Source Files</Filter>
    </ClCompile>
    <ClCompile Include="src\Entities\Power_Up\Ammo.cpp">
      <Filter>Source Files</Filter>
    </ClCompile>
    <ClCompile Include="src\Entities\Power_Up\B_2_Bomber.cpp">
      <Filter>Source Files</Filter>
    </ClCompile>
    <ClCompile Include="src\Entities\Power_Up\B_2_Bomber_Strike_Chip.cpp">
      <Filter>Source Files</Filter>
    </ClCompile>
    <ClCompile Include="src\Entities\Power_Up\Copy_Chip.cpp">
      <Filter>Source Files</Filter>
    </ClCompile>
    <ClCompile Include="src\Entities\Power_Up\Gliding_Chip.cpp">
      <Filter>Source Files</Filter>
    </ClCompile>
    <ClCompile Include="src\Entities\Power_Up\Health_Chip.cpp">
      <Filter>Source Files</Filter>
    </ClCompile>
    <ClCompile Include="src\Entities\Power_Up\Needle_Blast_Wind_Chip.cpp">
      <Filter>Source Files</Filter>
    </ClCompile>
    <ClCompile Include="src\Entities\Power_Up\needle_wind.cpp">
      <Filter>Source Files</Filter>
    </ClCompile>
    <ClCompile Include="src\Entities\Power_Up\Power_Up.cpp">
      <Filter>Source Files</Filter>
    </ClCompile>
    <ClCompile Include="src\Entities\Power_Up\Stop_Time_Chip.cpp">
      <Filter>Source Files</Filter>
    </ClCompile>
    <ClCompile Include="src\Entities\Player\Player.cpp">
      <Filter>Source Files</Filter>
    </ClCompile>
    <ClCompile Include="src\Entities\Player\Weapon\Arrow.cpp">
      <Filter>Source Files</Filter>
    </ClCompile>
    <ClCompile Include="src\Entities\Player\Weapon\Atom_Bomb.cpp">
      <Filter>Source Files</Filter>
    </ClCompile>
    <ClCompile Include="src\Entities\Player\Weapon\BiNuke.cpp">
      <Filter>Source Files</Filter>
    </ClCompile>
    <ClCompile Include="src\Entities\Player\Weapon\Bomb.cpp">
      <Filter>Source Files</Filter>
    </ClCompile>
    <ClCompile Include="src\Entities\Player\Weapon\Fire_bomb.cpp">
      <Filter>Source Files</Filter>
    </ClCompile>
    <ClCompile Include="src\Entities\Player\Weapon\Ice_Bomb.cpp">
      <Filter>Source Files</Filter>
    </ClCompile>
    <ClCompile Include="src\Entities\Player\Weapon\Lazer.cpp">
      <Filter>Source Files</Filter>
    </ClCompile>
    <ClCompile Include="src\Entities\Player\Weapon\P_Weapon.cpp">
      <Filter>Source Files</Filter>
    </ClCompile>
    <ClCompile Include="src\Entities\Player\Weapon\Rocket_lazer.cpp">
      <Filter>Source Files</Filter>
    </ClCompile>
    <ClCompile Include="src\Entities\Player\Weapon\Slicer.cpp">
      <Filter>Source Files</Filter>
    </ClCompile>
    <ClCompile Include="src\Entities\Player\Weapon\Stunner.cpp">
      <Filter>Source Files</Filter>
    </ClCompile>
    <ClCompile Include="src\Entities\Player\Weapon\Triangular_Missle.cpp">
      <Filter>Source Files</Filter>
    </ClCompile>
    <ClCompile Include="src\Entities\Player\Weapon\TriNuke.cpp">
      <Filter>Source Files</Filter>
    </ClCompile>
    <ClCompile Include="src\Entities\Enemy\Ball.cpp">
      <Filter>Source Files</Filter>
    </ClCompile>
    <ClCompile Include="src\Entities\Enemy\Cannon_Slug.cpp">
      <Filter>Source Files</Filter>
    </ClCompile>
    <ClCompile Include="src\Entities\Enemy\Diamondo.cpp">
      <Filter>Source Files</Filter>
    </ClCompile>
    <ClCompile Include="src\Entities\Enemy\Enemy.cpp">
      <Filter>Source Files</Filter>
    </ClCompile>
    <ClCompile Include="src\Entities\Enemy\Fisher.cpp">
      <Filter>Source Files</Filter>
    </ClCompile>
    <ClCompile Include="src\Entities\Enemy\Magic_Mask.cpp">
      <Filter>Source Files</Filter>
    </ClCompile>
    <ClCompile Include="src\Entities\Enemy\Tripus.cpp">
      <Filter>Source Files</Filter>
    </ClCompile>
    <ClCompile Include="src\Entities\Enemy\Weapon\Ball_shot.cpp">
      <Filter>Source Files</Filter>
    </ClCompile>
    <ClCompile Include="src\Entities\Enemy\Weapon\Bubble_Blast.cpp">
      <Filter>Source Files</Filter>
    </ClCompile>
    <ClCompile Include="src\Entities\Enemy\Weapon\Diamond_Ice.cpp">
      <Filter>Source Files</Filter>
    </ClCompile>
    <ClCompile Include="src\Entities\Enemy\Weapon\E_Weapon.cpp">
      <Filter>Source Files</Filter>
    </ClCompile>
    <ClCompile Include="src\Entities\Enemy\Weapon\Fire.cpp">
      <Filter>Source Files</Filter>
    </ClCompile>
    <ClCompile Include="src\Entities\Enemy\Weapon\Grapple.cpp">
      <Filter>Source Files</Filter>
    </ClCompile>
    <ClCompile Include="src\Entities\Enemy\Weapon\Gunk.cpp">
      <Filter>Source Files</Filter>
    </ClCompile>
    <ClCompile Include="src\Entities\Enemy\Weapon\Missile.cpp">
      <Filter>Source Files</Filter>
    </ClCompile>
    <ClCompile Include="src\Entities\Enemy\Weapon\Star_Bomb.cpp">
      <Filter>Source Files</Filter>
    </ClCompile>
    <ClCompile Include="src\Entities\Enemy\Weapon\Thunder.cpp">
      <Filter>Source Files</Filter>
    </ClCompile>
    <ClCompile Include="src\Entities\Enemy\Weapon\Venom_Spit.cpp">
      <Filter>Source Files</Filter>
    </ClCompile>
    <ClCompile Include="src\Asset_management\Animation.cpp">
      <Filter>Source Files</Filter>
    </ClCompile>
    <ClCompile Include="src\Asset_management\Font.cpp">
      <Filter>Source Files</Filter>
    </ClCompile>
    <ClCompile Include="src\Asset_management\Image.cpp">
      <Filter>Source Files</Filter>
    </ClCompile>
    <ClCompile Include="src\Asset_management\Sound.cpp">
      <Filter>Source Files</Filter>
    </ClCompile>
    <ClCompile Include="src\Asset_management\Tile_map.cpp">
      <Filter>Source Files</Filter>
    </ClCompile>
  </ItemGroup>
  <ItemGroup>
    <None Include="src\Asset_management\Font.bat">
      <Filter>Source Files</Filter>
    </None>
    <None Include="src\Asset_management\Image.bat">
      <Filter>Source Files</Filter>
    </None>
    <None Include="src\Asset_management\Sound.bat">
      <Filter>Source Files</Filter>
    </None>
    <None Include="Assets\Font\PIXELITE.FON" />
    <None Include="Assets\Image\Enemy\Cannon_Slug.png~" />
    <None Include="Assets\Image\Enemy\diamondo.png~" />
    <None Include="Assets\Image\Enemy\diamondo_2.png~" />
    <None Include="Assets\Image\Enemy\Weapon\Gunk.png~" />
    <None Include="Assets\Image\Background\Ammo_Materials.png~" />
    <None Include="Assets\Image\Background\Birday_Title.png~" />
    <None Include="Assets\Image\Background\Character_Materials.png~" />
    <None Include="Assets\Image\Background\Next_Prev.png~" />
    <None Include="Assets\Image\Player\Birday.png~" />
    <None Include="Assets\Image\Player\Weapon\Atomic_Bombs.png~" />
    <None Include="Assets\Image\Player\Weapon\Bombs.png~" />
    <None Include="Assets\Image\Player\Weapon\Fire_Bombs.png~" />
    <None Include="Assets\Image\Player\Weapon\Ice_Bombs.png~" />
    <None Include="Assets\Image\Tiles\White_Circle_Tile.png~" />
    <None Include="Assets\Sound\Sound_Effects\438991__stopmotionbros__wind.m4a" />
    <None Include="Assets\Sound\Sound_Effects\Arrow.ogg" />
    <None Include="Assets\Sound\Sound_Effects\Blast.ogg" />
    <None Include="Assets\Sound\Sound_Effects\Blasters.ogg" />
    <None Include="Assets\Sound\Sound_Effects\Boing.ogg" />
    <None Include="Assets\Sound\Sound_Effects\Bubble.ogg" />
    <None Include="Assets\Sound\Sound_Effects\Clang.ogg" />
    <None Include="Assets\Sound\Sound_Effects\damage.flac" />
    <None Include="Assets\Sound\Sound_Effects\Damage.ogg" />
    <None Include="Assets\Sound\Sound_Effects\Enemy_Damage.ogg" />
    <None Include="Assets\Sound\Sound_Effects\Enemy_Destroy.ogg" />
    <None Include="Assets\Sound\Sound_Effects\Fast_Sparkling_Whoosh.ogg" />
    <None Include="Assets\Sound\Sound_Effects\Flame_arrow.ogg" />
    <None Include="Assets\Sound\Sound_Effects\Gunk.ogg" />
    <None Include="Assets\Sound\Sound_Effects\Health.ogg" />
    <None Include="Assets\Sound\Sound_Effects\Laser_shot_scilenced.ogg" />
    <None Include="Assets\Sound\Sound_Effects\Liquid_Ice.ogg" />
    <None Include="Assets\Sound\Sound_Effects\Missile_Launcher_Explosion.ogg" />
    <None Include="Assets\Sound\Sound_Effects\missile_shot.ogg" />
    <None Include="Assets\Sound\Sound_Effects\Power_up.ogg" />
    <None Include="Assets\Sound\Sound_Effects\Select.ogg" />
    <None Include="Assets\Sound\Sound_Effects\Slicer.ogg" />
    <None Include="Assets\Sound\Sound_Effects\Spit_splat.ogg" />
    <None Include="Assets\Sound\Sound_Effects\Tape_Slow_Down.ogg" />
    <None Include="Assets\Sound\Sound_Effects\Wind.ogg" />
    <None Include="Assets\Sound\Sound_Effects\Zap.ogg" />
    <None Include="Assets\Sound\Background_Music\Game_over.ogg" />
    <None Include="Assets\Sound\Background_Music\Level_1-4.ogg" />
    <None Include="Assets\Sound\Background_Music\Level_5-14.ogg" />
    <None Include="Assets\Sound\Background_Music\Level_15-24.ogg" />
    <None Include="Assets\Sound\Background_Music\Level_25-44.ogg" />
    <None Include="Assets\Sound\Background_Music\Level_41-UP.ogg" />
    <None Include="Assets\Sound\Background_Music\Menu.ogg" />
    <None Include="packages.config" />
  </ItemGroup>
  <ItemGroup>
    <Text Include="Assets\Tile_map.txt" />
    <Text Include="Assets\Font\license.txt" />
    <Text Include="Assets\Font\readme.txt" />
  </ItemGroup>
  <ItemGroup>
    <Font Include="Assets\Font\pixelmix.ttf" />
    <Font Include="Assets\Font\pixelmix_bold.ttf" />
  </ItemGroup>
  <ItemGroup>
    <Media Include="Assets\Sound\Sound_Effects\42994__noisecollector__blasters.wav">
      <Filter>Resource Files</Filter>
    </Media>
    <Media Include="Assets\Sound\Sound_Effects\49236__zerolagtime__tape-slow1.wav">
      <Filter>Resource Files</Filter>
    </Media>
    <Media Include="Assets\Sound\Sound_Effects\57708__sound-master__gunk-1.wav">
      <Filter>Resource Files</Filter>
    </Media>
    <Media Include="Assets\Sound\Sound_Effects\151022__bubaproducer__laser-shot-silenced.wav">
      <Filter>Resource Files</Filter>
    </Media>
    <Media Include="Assets\Sound\Sound_Effects\162387__zandernoriega__health-1.wav">
      <Filter>Resource Files</Filter>
    </Media>
    <Media Include="Assets\Sound\Sound_Effects\198113__editor-adp__clang-4.wav">
      <Filter>Resource Files</Filter>
    </Media>
    <Media Include="Assets\Sound\Sound_Effects\205073__robinhood76__04658-fast-sparkling-whoosh.wav">
      <Filter>Resource Files</Filter>
    </Media>
    <Media Include="Assets\Sound\Sound_Effects\205563__everheat__arrow.wav">
      <Filter>Resource Files</Filter>
    </Media>
    <Media Include="Assets\Sound\Sound_Effects\220173__gameaudio__spacey-1up-power-up.wav">
      <Filter>Resource Files</Filter>
    </Media>
    <Media Include="Assets\Sound\Sound_Effects\264779__anthonychan0__civilian-stun-gun-1-10s-zap.mp3" />
    <Media Include="Assets\Sound\Sound_Effects\269583__ifrosta__bubble.wav">
      <Filter>Resource Files</Filter>
    </Media>
    <Media Include="Assets\Sound\Sound_Effects\341596__dpsa__motor.wav">
      <Filter>Resource Files</Filter>
    </Media>
    <Media Include="Assets\Sound\Sound_Effects\351370__wilhellboy__heavyringingclang.mp3" />
    <Media Include="Assets\Sound\Sound_Effects\362422__alphatrooper18__hit1.wav">
      <Filter>Resource Files</Filter>
    </Media>
    <Media Include="Assets\Sound\Sound_Effects\411492__inspectorj__jew-s-harp-single-a-h6-xy.wav">
      <Filter>Resource Files</Filter>
    </Media>
    <Media Include="Assets\Sound\Sound_Effects\433009__lauraguila89__liquid-ice.wav">
      <Filter>Resource Files</Filter>
    </Media>
    <Media Include="Assets\Sound\Sound_Effects\455918__bolkmar__missile-launcher-explosion-only.wav">
      <Filter>Resource Files</Filter>
    </Media>
    <Media Include="Assets\Sound\Sound_Effects\458867__raclure__damage-sound-effect.mp3" />
    <Media Include="Assets\Sound\Sound_Effects\459150__mattix__retro-underwater-explosion.wav">
      <Filter>Resource Files</Filter>
    </Media>
    <Media Include="Assets\Sound\Sound_Effects\Blast-SoundBible.com-2068539061.mp3" />
    <Media Include="Assets\Sound\Sound_Effects\Flame Arrow-SoundBible.com-618067908.wav">
      <Filter>Resource Files</Filter>
    </Media>
    <Media Include="Assets\Sound\Sound_Effects\Missile Fire War-SoundBible.com-744427122.wav">
      <Filter>Resource Files</Filter>
    </Media>
    <Media Include="Assets\Sound\Sound_Effects\Spit_Splat-Mike_Koenig-1170500447.wav">
      <Filter>Resource Files</Filter>
    </Media>
  </ItemGroup>
  <ItemGroup>
    <ResourceCompile Include="Birday_Arcade.rc">
      <Filter>Resource Files</Filter>
    </ResourceCompile>
  </ItemGroup>
</Project>